{
  "pins" : [
    {
      "identity" : "playmaker",
      "kind" : "remoteSourceControl",
      "location" : "https://github.com/DevFarid/playmaker.git",
      "state" : {
        "branch" : "main",
        "revision" : "49bb7035f276a7e274d5bd25816c558b82e5e0af"
      }
    },
    {
      "identity" : "splash",
      "kind" : "remoteSourceControl",
      "location" : "https://github.com/DevFarid/Splash",
      "state" : {
        "branch" : "master",
        "revision" : "4283d6981ea8ce3aa9b0b0d8295d646ca2221e44"
      }
    }
  ],
  "version" : 2
}
