{
  "pins" : [
    {
      "identity" : "playmaker",
      "kind" : "remoteSourceControl",
      "location" : "https://github.com/DevFarid/playmaker.git",
      "state" : {
        "branch" : "main",
        "revision" : "49bb7035f276a7e274d5bd25816c558b82e5e0af"
      }
    },
    {
      "identity" : "splash",
      "kind" : "remoteSourceControl",
      "location" : "https://github.com/DevFarid/Splash",
      "state" : {
        "branch" : "master",
        "revision" : "ddfa79b7c24bf0291c21a2b67d822a23544f6de2"
      }
    }
  ],
  "version" : 2
}
